// !$*UTF8*$!
{
	archiveVersion = 1;
	classes = {
	};
	objectVersion = 55;
	objects = {

/* Begin PBXBuildFile section */
		1967AEAE28A72B8400C55901 /* Tokens.swift in Sources */ = {isa = PBXBuildFile; fileRef = 1967AEAD28A72B8400C55901 /* Tokens.swift */; };
		19A3E11728A75521004500A6 /* WeatherResponseFixture.json in Resources */ = {isa = PBXBuildFile; fileRef = 19A3E11628A75521004500A6 /* WeatherResponseFixture.json */; };
		19A3E11928A75723004500A6 /* FixtureBuilder.swift in Sources */ = {isa = PBXBuildFile; fileRef = 19A3E11828A75723004500A6 /* FixtureBuilder.swift */; };
		19FDC04828A7449F00571D3A /* Container.swift in Sources */ = {isa = PBXBuildFile; fileRef = 19FDC04728A7449F00571D3A /* Container.swift */; };
		19FDC04B28A744C300571D3A /* Swinject in Frameworks */ = {isa = PBXBuildFile; productRef = 19FDC04A28A744C300571D3A /* Swinject */; };
		2237712127D8F2D8005C0A10 /* Endpoint.swift in Sources */ = {isa = PBXBuildFile; fileRef = 2237712027D8F2D8005C0A10 /* Endpoint.swift */; };
		2237712327D8F324005C0A10 /* HTTPClient.swift in Sources */ = {isa = PBXBuildFile; fileRef = 2237712227D8F324005C0A10 /* HTTPClient.swift */; };
		2237712527D8F368005C0A10 /* Request.swift in Sources */ = {isa = PBXBuildFile; fileRef = 2237712427D8F368005C0A10 /* Request.swift */; };
		2237712927D8F6C4005C0A10 /* WeatherRequest.swift in Sources */ = {isa = PBXBuildFile; fileRef = 2237712827D8F6C4005C0A10 /* WeatherRequest.swift */; };
		2237713327D92191005C0A10 /* WeatherModels.swift in Sources */ = {isa = PBXBuildFile; fileRef = 2237713227D92191005C0A10 /* WeatherModels.swift */; };
		228B4F8F27D54BF9008F4F21 /* Tests_iOS.swift in Sources */ = {isa = PBXBuildFile; fileRef = 228B4F8E27D54BF9008F4F21 /* Tests_iOS.swift */; };
		228B4FA027D54BF9008F4F21 /* App.swift in Sources */ = {isa = PBXBuildFile; fileRef = 228B4F7527D54BF7008F4F21 /* App.swift */; };
		228B4FA627D54BF9008F4F21 /* Assets.xcassets in Resources */ = {isa = PBXBuildFile; fileRef = 228B4F7827D54BF9008F4F21 /* Assets.xcassets */; };
		228B4FD527D55958008F4F21 /* ErrorAlert.swift in Sources */ = {isa = PBXBuildFile; fileRef = 228B4FD427D55958008F4F21 /* ErrorAlert.swift */; };
		228B4FD827D55994008F4F21 /* Preview+Extensions.swift in Sources */ = {isa = PBXBuildFile; fileRef = 228B4FD727D55994008F4F21 /* Preview+Extensions.swift */; };
		228B4FDB27D559C2008F4F21 /* SafeArea+Extensions.swift in Sources */ = {isa = PBXBuildFile; fileRef = 228B4FDA27D559C2008F4F21 /* SafeArea+Extensions.swift */; };
		228B500327D55F9F008F4F21 /* WeatherService.swift in Sources */ = {isa = PBXBuildFile; fileRef = 228B4FFD27D55F9F008F4F21 /* WeatherService.swift */; };
		228B500927D55F9F008F4F21 /* HomeView.swift in Sources */ = {isa = PBXBuildFile; fileRef = 228B500027D55F9F008F4F21 /* HomeView.swift */; };
		228B500D27D55F9F008F4F21 /* HomeModel.swift in Sources */ = {isa = PBXBuildFile; fileRef = 228B500227D55F9F008F4F21 /* HomeModel.swift */; };
		2471831428A966B000237379 /* SnapshotTesting in Frameworks */ = {isa = PBXBuildFile; productRef = 2471831328A966B000237379 /* SnapshotTesting */; };
		24F87BFF28A893140098382F /* Swinject in Frameworks */ = {isa = PBXBuildFile; productRef = 24F87BFE28A893140098382F /* Swinject */; };
		24F87C0428A894B00098382F /* WeatherResponseFixture.json in Resources */ = {isa = PBXBuildFile; fileRef = 19A3E11628A75521004500A6 /* WeatherResponseFixture.json */; };
		24F87C0728A89CE20098382F /* WeatherService.swift in Sources */ = {isa = PBXBuildFile; fileRef = 228B4FFD27D55F9F008F4F21 /* WeatherService.swift */; };
		24F87C0828A89CFA0098382F /* WeatherModels.swift in Sources */ = {isa = PBXBuildFile; fileRef = 2237713227D92191005C0A10 /* WeatherModels.swift */; };
		24F87C0928A89CFF0098382F /* HTTPClient.swift in Sources */ = {isa = PBXBuildFile; fileRef = 2237712227D8F324005C0A10 /* HTTPClient.swift */; };
		24F87C0A28A89D060098382F /* Request.swift in Sources */ = {isa = PBXBuildFile; fileRef = 2237712427D8F368005C0A10 /* Request.swift */; };
		24F87C0B28A89D0E0098382F /* Endpoint.swift in Sources */ = {isa = PBXBuildFile; fileRef = 2237712027D8F2D8005C0A10 /* Endpoint.swift */; };
		24F87C0C28A89D150098382F /* WeatherRequest.swift in Sources */ = {isa = PBXBuildFile; fileRef = 2237712827D8F6C4005C0A10 /* WeatherRequest.swift */; };
		24F87C0D28A89D1D0098382F /* FixtureBuilder.swift in Sources */ = {isa = PBXBuildFile; fileRef = 19A3E11828A75723004500A6 /* FixtureBuilder.swift */; };
		24F87C0E28A89E3C0098382F /* HomeModel.swift in Sources */ = {isa = PBXBuildFile; fileRef = 228B500227D55F9F008F4F21 /* HomeModel.swift */; };
		24F87C0F28A89E530098382F /* HomeView.swift in Sources */ = {isa = PBXBuildFile; fileRef = 228B500027D55F9F008F4F21 /* HomeView.swift */; };
		24F87C1028A89E580098382F /* App.swift in Sources */ = {isa = PBXBuildFile; fileRef = 228B4F7527D54BF7008F4F21 /* App.swift */; };
		24F87C1128A89E5C0098382F /* ErrorAlert.swift in Sources */ = {isa = PBXBuildFile; fileRef = 228B4FD427D55958008F4F21 /* ErrorAlert.swift */; };
		24F87C1228A89E5C0098382F /* Tokens.swift in Sources */ = {isa = PBXBuildFile; fileRef = 1967AEAD28A72B8400C55901 /* Tokens.swift */; };
		24F87C1328A89E5C0098382F /* Preview+Extensions.swift in Sources */ = {isa = PBXBuildFile; fileRef = 228B4FD727D55994008F4F21 /* Preview+Extensions.swift */; };
		24F87C1428A89E5C0098382F /* SafeArea+Extensions.swift in Sources */ = {isa = PBXBuildFile; fileRef = 228B4FDA27D559C2008F4F21 /* SafeArea+Extensions.swift */; };
		24F87C1528A89E600098382F /* Container.swift in Sources */ = {isa = PBXBuildFile; fileRef = 19FDC04728A7449F00571D3A /* Container.swift */; };
/* End PBXBuildFile section */

/* Begin PBXContainerItemProxy section */
		228B4F8B27D54BF9008F4F21 /* PBXContainerItemProxy */ = {
			isa = PBXContainerItemProxy;
			containerPortal = 228B4F6E27D54BF7008F4F21 /* Project object */;
			proxyType = 1;
			remoteGlobalIDString = 228B4F7C27D54BF9008F4F21;
			remoteInfo = "TEMPLATE (iOS)";
		};
/* End PBXContainerItemProxy section */

/* Begin PBXFileReference section */
		1967AEAD28A72B8400C55901 /* Tokens.swift */ = {isa = PBXFileReference; lastKnownFileType = sourcecode.swift; path = Tokens.swift; sourceTree = "<group>"; };
		19A3E11628A75521004500A6 /* WeatherResponseFixture.json */ = {isa = PBXFileReference; lastKnownFileType = text.json; path = WeatherResponseFixture.json; sourceTree = "<group>"; };
		19A3E11828A75723004500A6 /* FixtureBuilder.swift */ = {isa = PBXFileReference; lastKnownFileType = sourcecode.swift; path = FixtureBuilder.swift; sourceTree = "<group>"; };
		19FDC04728A7449F00571D3A /* Container.swift */ = {isa = PBXFileReference; lastKnownFileType = sourcecode.swift; path = Container.swift; sourceTree = "<group>"; };
		2237712027D8F2D8005C0A10 /* Endpoint.swift */ = {isa = PBXFileReference; lastKnownFileType = sourcecode.swift; path = Endpoint.swift; sourceTree = "<group>"; };
		2237712227D8F324005C0A10 /* HTTPClient.swift */ = {isa = PBXFileReference; lastKnownFileType = sourcecode.swift; path = HTTPClient.swift; sourceTree = "<group>"; };
		2237712427D8F368005C0A10 /* Request.swift */ = {isa = PBXFileReference; lastKnownFileType = sourcecode.swift; path = Request.swift; sourceTree = "<group>"; };
		2237712827D8F6C4005C0A10 /* WeatherRequest.swift */ = {isa = PBXFileReference; lastKnownFileType = sourcecode.swift; path = WeatherRequest.swift; sourceTree = "<group>"; };
		2237713227D92191005C0A10 /* WeatherModels.swift */ = {isa = PBXFileReference; lastKnownFileType = sourcecode.swift; path = WeatherModels.swift; sourceTree = "<group>"; };
		228B4F7527D54BF7008F4F21 /* App.swift */ = {isa = PBXFileReference; lastKnownFileType = sourcecode.swift; path = App.swift; sourceTree = "<group>"; };
		228B4F7827D54BF9008F4F21 /* Assets.xcassets */ = {isa = PBXFileReference; lastKnownFileType = folder.assetcatalog; path = Assets.xcassets; sourceTree = "<group>"; };
		228B4F7D27D54BF9008F4F21 /* TEMPLATE.app */ = {isa = PBXFileReference; explicitFileType = wrapper.application; includeInIndex = 0; path = TEMPLATE.app; sourceTree = BUILT_PRODUCTS_DIR; };
		228B4F8A27D54BF9008F4F21 /* Tests iOS.xctest */ = {isa = PBXFileReference; explicitFileType = wrapper.cfbundle; includeInIndex = 0; path = "Tests iOS.xctest"; sourceTree = BUILT_PRODUCTS_DIR; };
		228B4F8E27D54BF9008F4F21 /* Tests_iOS.swift */ = {isa = PBXFileReference; lastKnownFileType = sourcecode.swift; path = Tests_iOS.swift; sourceTree = "<group>"; };
		228B4FD427D55958008F4F21 /* ErrorAlert.swift */ = {isa = PBXFileReference; fileEncoding = 4; lastKnownFileType = sourcecode.swift; path = ErrorAlert.swift; sourceTree = "<group>"; };
		228B4FD727D55994008F4F21 /* Preview+Extensions.swift */ = {isa = PBXFileReference; fileEncoding = 4; lastKnownFileType = sourcecode.swift; path = "Preview+Extensions.swift"; sourceTree = "<group>"; };
		228B4FDA27D559C2008F4F21 /* SafeArea+Extensions.swift */ = {isa = PBXFileReference; fileEncoding = 4; lastKnownFileType = sourcecode.swift; path = "SafeArea+Extensions.swift"; sourceTree = "<group>"; };
		228B4FFD27D55F9F008F4F21 /* WeatherService.swift */ = {isa = PBXFileReference; lastKnownFileType = sourcecode.swift; path = WeatherService.swift; sourceTree = "<group>"; };
		228B500027D55F9F008F4F21 /* HomeView.swift */ = {isa = PBXFileReference; lastKnownFileType = sourcecode.swift; path = HomeView.swift; sourceTree = "<group>"; };
		228B500227D55F9F008F4F21 /* HomeModel.swift */ = {isa = PBXFileReference; lastKnownFileType = sourcecode.swift; path = HomeModel.swift; sourceTree = "<group>"; };
		24F87B9228A856050098382F /* WeatherApp--iOS--Info.plist */ = {isa = PBXFileReference; lastKnownFileType = text.plist.xml; path = "WeatherApp--iOS--Info.plist"; sourceTree = "<group>"; };
/* End PBXFileReference section */

/* Begin PBXFrameworksBuildPhase section */
		228B4F7A27D54BF9008F4F21 /* Frameworks */ = {
			isa = PBXFrameworksBuildPhase;
			buildActionMask = 2147483647;
			files = (
				19FDC04B28A744C300571D3A /* Swinject in Frameworks */,
			);
			runOnlyForDeploymentPostprocessing = 0;
		};
		228B4F8727D54BF9008F4F21 /* Frameworks */ = {
			isa = PBXFrameworksBuildPhase;
			buildActionMask = 2147483647;
			files = (
				24F87BFF28A893140098382F /* Swinject in Frameworks */,
				2471831428A966B000237379 /* SnapshotTesting in Frameworks */,
			);
			runOnlyForDeploymentPostprocessing = 0;
		};
/* End PBXFrameworksBuildPhase section */

/* Begin PBXGroup section */
		19A3E11C28A7580E004500A6 /* Weather */ = {
			isa = PBXGroup;
			children = (
				228B4FFD27D55F9F008F4F21 /* WeatherService.swift */,
				2237712827D8F6C4005C0A10 /* WeatherRequest.swift */,
				19A3E11628A75521004500A6 /* WeatherResponseFixture.json */,
			);
			path = Weather;
			sourceTree = "<group>";
		};
		19FDC04628A7446F00571D3A /* Inject */ = {
			isa = PBXGroup;
			children = (
				19FDC04728A7449F00571D3A /* Container.swift */,
			);
			path = Inject;
			sourceTree = "<group>";
		};
		2237712627D8F69D005C0A10 /* Base */ = {
			isa = PBXGroup;
			children = (
				2237712027D8F2D8005C0A10 /* Endpoint.swift */,
				2237712227D8F324005C0A10 /* HTTPClient.swift */,
				2237712427D8F368005C0A10 /* Request.swift */,
				19A3E11828A75723004500A6 /* FixtureBuilder.swift */,
			);
			path = Base;
			sourceTree = "<group>";
		};
		2237712727D8F6A9005C0A10 /* Requests */ = {
			isa = PBXGroup;
			children = (
				19A3E11C28A7580E004500A6 /* Weather */,
			);
			path = Requests;
			sourceTree = "<group>";
		};
		2237713127D92174005C0A10 /* Models */ = {
			isa = PBXGroup;
			children = (
				2237713227D92191005C0A10 /* WeatherModels.swift */,
			);
			path = Models;
			sourceTree = "<group>";
		};
		2237719327DADD17005C0A10 /* Application */ = {
			isa = PBXGroup;
			children = (
				228B4F7527D54BF7008F4F21 /* App.swift */,
				228B4F7827D54BF9008F4F21 /* Assets.xcassets */,
			);
			path = Application;
			sourceTree = "<group>";
		};
		2237719427DADE28005C0A10 /* SupportingFiles */ = {
			isa = PBXGroup;
			children = (
				19FDC04628A7446F00571D3A /* Inject */,
				228B4FD327D558F0008F4F21 /* Extensions */,
				1967AEAD28A72B8400C55901 /* Tokens.swift */,
			);
			path = SupportingFiles;
			sourceTree = "<group>";
		};
		228B4F6D27D54BF7008F4F21 = {
			isa = PBXGroup;
			children = (
				24F87B9228A856050098382F /* WeatherApp--iOS--Info.plist */,
				228B4F7227D54BF7008F4F21 /* Shared */,
				228B4F8D27D54BF9008F4F21 /* Tests iOS */,
				228B4F7E27D54BF9008F4F21 /* Products */,
			);
			sourceTree = "<group>";
		};
		228B4F7227D54BF7008F4F21 /* Shared */ = {
			isa = PBXGroup;
			children = (
				2237719427DADE28005C0A10 /* SupportingFiles */,
				2237719327DADD17005C0A10 /* Application */,
				228B4FB727D551BD008F4F21 /* Scenes */,
				228B4FB627D551B2008F4F21 /* Networking */,
				2237713127D92174005C0A10 /* Models */,
			);
			path = Shared;
			sourceTree = "<group>";
		};
		228B4F7E27D54BF9008F4F21 /* Products */ = {
			isa = PBXGroup;
			children = (
				228B4F7D27D54BF9008F4F21 /* TEMPLATE.app */,
				228B4F8A27D54BF9008F4F21 /* Tests iOS.xctest */,
			);
			name = Products;
			sourceTree = "<group>";
		};
		228B4F8D27D54BF9008F4F21 /* Tests iOS */ = {
			isa = PBXGroup;
			children = (
				228B4F8E27D54BF9008F4F21 /* Tests_iOS.swift */,
			);
			path = "Tests iOS";
			sourceTree = "<group>";
		};
		228B4FB627D551B2008F4F21 /* Networking */ = {
			isa = PBXGroup;
			children = (
				2237712727D8F6A9005C0A10 /* Requests */,
				2237712627D8F69D005C0A10 /* Base */,
			);
			path = Networking;
			sourceTree = "<group>";
		};
		228B4FB727D551BD008F4F21 /* Scenes */ = {
			isa = PBXGroup;
			children = (
				228B4FE627D55A8D008F4F21 /* Home */,
			);
			path = Scenes;
			sourceTree = "<group>";
		};
		228B4FD327D558F0008F4F21 /* Extensions */ = {
			isa = PBXGroup;
			children = (
				228B4FD427D55958008F4F21 /* ErrorAlert.swift */,
				228B4FDA27D559C2008F4F21 /* SafeArea+Extensions.swift */,
				228B4FD727D55994008F4F21 /* Preview+Extensions.swift */,
			);
			path = Extensions;
			sourceTree = "<group>";
		};
		228B4FE627D55A8D008F4F21 /* Home */ = {
			isa = PBXGroup;
			children = (
				228B500027D55F9F008F4F21 /* HomeView.swift */,
				228B500227D55F9F008F4F21 /* HomeModel.swift */,
			);
			path = Home;
			sourceTree = "<group>";
		};
/* End PBXGroup section */

/* Begin PBXNativeTarget section */
		228B4F7C27D54BF9008F4F21 /* WeatherApp (iOS) */ = {
			isa = PBXNativeTarget;
			buildConfigurationList = 228B4FAA27D54BF9008F4F21 /* Build configuration list for PBXNativeTarget "WeatherApp (iOS)" */;
			buildPhases = (
				228B4F7927D54BF9008F4F21 /* Sources */,
				228B4F7A27D54BF9008F4F21 /* Frameworks */,
				228B4F7B27D54BF9008F4F21 /* Resources */,
			);
			buildRules = (
			);
			dependencies = (
			);
			name = "WeatherApp (iOS)";
			packageProductDependencies = (
				19FDC04A28A744C300571D3A /* Swinject */,
			);
			productName = "TEMPLATE (iOS)";
			productReference = 228B4F7D27D54BF9008F4F21 /* TEMPLATE.app */;
			productType = "com.apple.product-type.application";
		};
		228B4F8927D54BF9008F4F21 /* Tests iOS */ = {
			isa = PBXNativeTarget;
			buildConfigurationList = 228B4FB027D54BF9008F4F21 /* Build configuration list for PBXNativeTarget "Tests iOS" */;
			buildPhases = (
				228B4F8627D54BF9008F4F21 /* Sources */,
				228B4F8727D54BF9008F4F21 /* Frameworks */,
				228B4F8827D54BF9008F4F21 /* Resources */,
			);
			buildRules = (
			);
			dependencies = (
				24F87C0128A893570098382F /* PBXTargetDependency */,
				24F87B9828A884870098382F /* PBXTargetDependency */,
				228B4F8C27D54BF9008F4F21 /* PBXTargetDependency */,
			);
			name = "Tests iOS";
			packageProductDependencies = (
				24F87BFE28A893140098382F /* Swinject */,
				2471831328A966B000237379 /* SnapshotTesting */,
			);
			productName = "Tests iOS";
			productReference = 228B4F8A27D54BF9008F4F21 /* Tests iOS.xctest */;
			productType = "com.apple.product-type.bundle.ui-testing";
		};
/* End PBXNativeTarget section */

/* Begin PBXProject section */
		228B4F6E27D54BF7008F4F21 /* Project object */ = {
			isa = PBXProject;
			attributes = {
				BuildIndependentTargetsInParallel = 1;
				LastSwiftUpdateCheck = 1320;
				LastUpgradeCheck = 1320;
				TargetAttributes = {
					228B4F7C27D54BF9008F4F21 = {
						CreatedOnToolsVersion = 13.2.1;
					};
					228B4F8927D54BF9008F4F21 = {
						CreatedOnToolsVersion = 13.2.1;
						TestTargetID = 228B4F7C27D54BF9008F4F21;
					};
				};
			};
			buildConfigurationList = 228B4F7127D54BF7008F4F21 /* Build configuration list for PBXProject "WeatherApp" */;
			compatibilityVersion = "Xcode 13.0";
			developmentRegion = en;
			hasScannedForEncodings = 0;
			knownRegions = (
				en,
				Base,
			);
			mainGroup = 228B4F6D27D54BF7008F4F21;
			packageReferences = (
				19FDC04928A744C300571D3A /* XCRemoteSwiftPackageReference "Swinject" */,
				2471831228A966B000237379 /* XCRemoteSwiftPackageReference "swift-snapshot-testing" */,
			);
			productRefGroup = 228B4F7E27D54BF9008F4F21 /* Products */;
			projectDirPath = "";
			projectRoot = "";
			targets = (
				228B4F7C27D54BF9008F4F21 /* WeatherApp (iOS) */,
				228B4F8927D54BF9008F4F21 /* Tests iOS */,
			);
		};
/* End PBXProject section */

/* Begin PBXResourcesBuildPhase section */
		228B4F7B27D54BF9008F4F21 /* Resources */ = {
			isa = PBXResourcesBuildPhase;
			buildActionMask = 2147483647;
			files = (
				228B4FA627D54BF9008F4F21 /* Assets.xcassets in Resources */,
				19A3E11728A75521004500A6 /* WeatherResponseFixture.json in Resources */,
			);
			runOnlyForDeploymentPostprocessing = 0;
		};
		228B4F8827D54BF9008F4F21 /* Resources */ = {
			isa = PBXResourcesBuildPhase;
			buildActionMask = 2147483647;
			files = (
				24F87C0428A894B00098382F /* WeatherResponseFixture.json in Resources */,
			);
			runOnlyForDeploymentPostprocessing = 0;
		};
/* End PBXResourcesBuildPhase section */

/* Begin PBXSourcesBuildPhase section */
		228B4F7927D54BF9008F4F21 /* Sources */ = {
			isa = PBXSourcesBuildPhase;
			buildActionMask = 2147483647;
			files = (
				2237712927D8F6C4005C0A10 /* WeatherRequest.swift in Sources */,
				228B4FD527D55958008F4F21 /* ErrorAlert.swift in Sources */,
				2237713327D92191005C0A10 /* WeatherModels.swift in Sources */,
				228B4FDB27D559C2008F4F21 /* SafeArea+Extensions.swift in Sources */,
				2237712327D8F324005C0A10 /* HTTPClient.swift in Sources */,
				2237712527D8F368005C0A10 /* Request.swift in Sources */,
				2237712127D8F2D8005C0A10 /* Endpoint.swift in Sources */,
				228B500D27D55F9F008F4F21 /* HomeModel.swift in Sources */,
				228B4FD827D55994008F4F21 /* Preview+Extensions.swift in Sources */,
				1967AEAE28A72B8400C55901 /* Tokens.swift in Sources */,
				228B500927D55F9F008F4F21 /* HomeView.swift in Sources */,
				19FDC04828A7449F00571D3A /* Container.swift in Sources */,
				228B4FA027D54BF9008F4F21 /* App.swift in Sources */,
				19A3E11928A75723004500A6 /* FixtureBuilder.swift in Sources */,
				228B500327D55F9F008F4F21 /* WeatherService.swift in Sources */,
			);
			runOnlyForDeploymentPostprocessing = 0;
		};
		228B4F8627D54BF9008F4F21 /* Sources */ = {
			isa = PBXSourcesBuildPhase;
			buildActionMask = 2147483647;
			files = (
				24F87C0728A89CE20098382F /* WeatherService.swift in Sources */,
				24F87C1128A89E5C0098382F /* ErrorAlert.swift in Sources */,
				24F87C0828A89CFA0098382F /* WeatherModels.swift in Sources */,
				24F87C1028A89E580098382F /* App.swift in Sources */,
				24F87C0E28A89E3C0098382F /* HomeModel.swift in Sources */,
				24F87C0F28A89E530098382F /* HomeView.swift in Sources */,
				24F87C0A28A89D060098382F /* Request.swift in Sources */,
				24F87C0928A89CFF0098382F /* HTTPClient.swift in Sources */,
				24F87C0B28A89D0E0098382F /* Endpoint.swift in Sources */,
				24F87C0D28A89D1D0098382F /* FixtureBuilder.swift in Sources */,
				24F87C0C28A89D150098382F /* WeatherRequest.swift in Sources */,
				228B4F8F27D54BF9008F4F21 /* Tests_iOS.swift in Sources */,
				24F87C1428A89E5C0098382F /* SafeArea+Extensions.swift in Sources */,
				24F87C1528A89E600098382F /* Container.swift in Sources */,
				24F87C1328A89E5C0098382F /* Preview+Extensions.swift in Sources */,
				24F87C1228A89E5C0098382F /* Tokens.swift in Sources */,
			);
			runOnlyForDeploymentPostprocessing = 0;
		};
/* End PBXSourcesBuildPhase section */

/* Begin PBXTargetDependency section */
		228B4F8C27D54BF9008F4F21 /* PBXTargetDependency */ = {
			isa = PBXTargetDependency;
			target = 228B4F7C27D54BF9008F4F21 /* WeatherApp (iOS) */;
			targetProxy = 228B4F8B27D54BF9008F4F21 /* PBXContainerItemProxy */;
		};
		24F87B9828A884870098382F /* PBXTargetDependency */ = {
			isa = PBXTargetDependency;
			productRef = 24F87B9728A884870098382F /* SnapshotTesting */;
		};
		24F87C0128A893570098382F /* PBXTargetDependency */ = {
			isa = PBXTargetDependency;
			productRef = 24F87C0028A893570098382F /* Swinject */;
		};
/* End PBXTargetDependency section */

/* Begin XCBuildConfiguration section */
		228B4FA827D54BF9008F4F21 /* Debug */ = {
			isa = XCBuildConfiguration;
			buildSettings = {
				ALWAYS_SEARCH_USER_PATHS = NO;
				CLANG_ANALYZER_NONNULL = YES;
				CLANG_ANALYZER_NUMBER_OBJECT_CONVERSION = YES_AGGRESSIVE;
				CLANG_CXX_LANGUAGE_STANDARD = "gnu++17";
				CLANG_CXX_LIBRARY = "libc++";
				CLANG_ENABLE_MODULES = YES;
				CLANG_ENABLE_OBJC_ARC = YES;
				CLANG_ENABLE_OBJC_WEAK = YES;
				CLANG_WARN_BLOCK_CAPTURE_AUTORELEASING = YES;
				CLANG_WARN_BOOL_CONVERSION = YES;
				CLANG_WARN_COMMA = YES;
				CLANG_WARN_CONSTANT_CONVERSION = YES;
				CLANG_WARN_DEPRECATED_OBJC_IMPLEMENTATIONS = YES;
				CLANG_WARN_DIRECT_OBJC_ISA_USAGE = YES_ERROR;
				CLANG_WARN_DOCUMENTATION_COMMENTS = YES;
				CLANG_WARN_EMPTY_BODY = YES;
				CLANG_WARN_ENUM_CONVERSION = YES;
				CLANG_WARN_INFINITE_RECURSION = YES;
				CLANG_WARN_INT_CONVERSION = YES;
				CLANG_WARN_NON_LITERAL_NULL_CONVERSION = YES;
				CLANG_WARN_OBJC_IMPLICIT_RETAIN_SELF = YES;
				CLANG_WARN_OBJC_LITERAL_CONVERSION = YES;
				CLANG_WARN_OBJC_ROOT_CLASS = YES_ERROR;
				CLANG_WARN_QUOTED_INCLUDE_IN_FRAMEWORK_HEADER = YES;
				CLANG_WARN_RANGE_LOOP_ANALYSIS = YES;
				CLANG_WARN_STRICT_PROTOTYPES = YES;
				CLANG_WARN_SUSPICIOUS_MOVE = YES;
				CLANG_WARN_UNGUARDED_AVAILABILITY = YES_AGGRESSIVE;
				CLANG_WARN_UNREACHABLE_CODE = YES;
				CLANG_WARN__DUPLICATE_METHOD_MATCH = YES;
				COPY_PHASE_STRIP = NO;
				DEBUG_INFORMATION_FORMAT = dwarf;
				ENABLE_STRICT_OBJC_MSGSEND = YES;
				ENABLE_TESTABILITY = YES;
				GCC_C_LANGUAGE_STANDARD = gnu11;
				GCC_DYNAMIC_NO_PIC = NO;
				GCC_NO_COMMON_BLOCKS = YES;
				GCC_OPTIMIZATION_LEVEL = 0;
				GCC_PREPROCESSOR_DEFINITIONS = (
					"DEBUG=1",
					"$(inherited)",
				);
				GCC_WARN_64_TO_32_BIT_CONVERSION = YES;
				GCC_WARN_ABOUT_RETURN_TYPE = YES_ERROR;
				GCC_WARN_UNDECLARED_SELECTOR = YES;
				GCC_WARN_UNINITIALIZED_AUTOS = YES_AGGRESSIVE;
				GCC_WARN_UNUSED_FUNCTION = YES;
				GCC_WARN_UNUSED_VARIABLE = YES;
				IPHONEOS_DEPLOYMENT_TARGET = 15.0;
				MTL_ENABLE_DEBUG_INFO = INCLUDE_SOURCE;
				MTL_FAST_MATH = YES;
				ONLY_ACTIVE_ARCH = YES;
				SWIFT_ACTIVE_COMPILATION_CONDITIONS = DEBUG;
				SWIFT_OPTIMIZATION_LEVEL = "-Onone";
			};
			name = Debug;
		};
		228B4FA927D54BF9008F4F21 /* Release */ = {
			isa = XCBuildConfiguration;
			buildSettings = {
				ALWAYS_SEARCH_USER_PATHS = NO;
				CLANG_ANALYZER_NONNULL = YES;
				CLANG_ANALYZER_NUMBER_OBJECT_CONVERSION = YES_AGGRESSIVE;
				CLANG_CXX_LANGUAGE_STANDARD = "gnu++17";
				CLANG_CXX_LIBRARY = "libc++";
				CLANG_ENABLE_MODULES = YES;
				CLANG_ENABLE_OBJC_ARC = YES;
				CLANG_ENABLE_OBJC_WEAK = YES;
				CLANG_WARN_BLOCK_CAPTURE_AUTORELEASING = YES;
				CLANG_WARN_BOOL_CONVERSION = YES;
				CLANG_WARN_COMMA = YES;
				CLANG_WARN_CONSTANT_CONVERSION = YES;
				CLANG_WARN_DEPRECATED_OBJC_IMPLEMENTATIONS = YES;
				CLANG_WARN_DIRECT_OBJC_ISA_USAGE = YES_ERROR;
				CLANG_WARN_DOCUMENTATION_COMMENTS = YES;
				CLANG_WARN_EMPTY_BODY = YES;
				CLANG_WARN_ENUM_CONVERSION = YES;
				CLANG_WARN_INFINITE_RECURSION = YES;
				CLANG_WARN_INT_CONVERSION = YES;
				CLANG_WARN_NON_LITERAL_NULL_CONVERSION = YES;
				CLANG_WARN_OBJC_IMPLICIT_RETAIN_SELF = YES;
				CLANG_WARN_OBJC_LITERAL_CONVERSION = YES;
				CLANG_WARN_OBJC_ROOT_CLASS = YES_ERROR;
				CLANG_WARN_QUOTED_INCLUDE_IN_FRAMEWORK_HEADER = YES;
				CLANG_WARN_RANGE_LOOP_ANALYSIS = YES;
				CLANG_WARN_STRICT_PROTOTYPES = YES;
				CLANG_WARN_SUSPICIOUS_MOVE = YES;
				CLANG_WARN_UNGUARDED_AVAILABILITY = YES_AGGRESSIVE;
				CLANG_WARN_UNREACHABLE_CODE = YES;
				CLANG_WARN__DUPLICATE_METHOD_MATCH = YES;
				COPY_PHASE_STRIP = NO;
				DEBUG_INFORMATION_FORMAT = "dwarf-with-dsym";
				ENABLE_NS_ASSERTIONS = NO;
				ENABLE_STRICT_OBJC_MSGSEND = YES;
				GCC_C_LANGUAGE_STANDARD = gnu11;
				GCC_NO_COMMON_BLOCKS = YES;
				GCC_WARN_64_TO_32_BIT_CONVERSION = YES;
				GCC_WARN_ABOUT_RETURN_TYPE = YES_ERROR;
				GCC_WARN_UNDECLARED_SELECTOR = YES;
				GCC_WARN_UNINITIALIZED_AUTOS = YES_AGGRESSIVE;
				GCC_WARN_UNUSED_FUNCTION = YES;
				GCC_WARN_UNUSED_VARIABLE = YES;
				IPHONEOS_DEPLOYMENT_TARGET = 15.0;
				MTL_ENABLE_DEBUG_INFO = NO;
				MTL_FAST_MATH = YES;
				SWIFT_COMPILATION_MODE = wholemodule;
				SWIFT_OPTIMIZATION_LEVEL = "-O";
			};
			name = Release;
		};
		228B4FAB27D54BF9008F4F21 /* Debug */ = {
			isa = XCBuildConfiguration;
			buildSettings = {
				ASSETCATALOG_COMPILER_APPICON_NAME = AppIcon;
				ASSETCATALOG_COMPILER_GLOBAL_ACCENT_COLOR_NAME = AccentColor;
				CODE_SIGN_STYLE = Automatic;
				CURRENT_PROJECT_VERSION = 1;
				DEVELOPMENT_TEAM = D9KU92KK65;
				ENABLE_PREVIEWS = YES;
				ENABLE_TESTING_SEARCH_PATHS = NO;
				GENERATE_INFOPLIST_FILE = YES;
				INFOPLIST_FILE = "WeatherApp--iOS--Info.plist";
				INFOPLIST_KEY_UIApplicationSceneManifest_Generation = YES;
				INFOPLIST_KEY_UIApplicationSupportsIndirectInputEvents = YES;
				INFOPLIST_KEY_UILaunchScreen_Generation = YES;
				INFOPLIST_KEY_UISupportedInterfaceOrientations_iPad = "UIInterfaceOrientationPortrait UIInterfaceOrientationPortraitUpsideDown UIInterfaceOrientationLandscapeLeft UIInterfaceOrientationLandscapeRight";
				INFOPLIST_KEY_UISupportedInterfaceOrientations_iPhone = "UIInterfaceOrientationPortrait UIInterfaceOrientationLandscapeLeft UIInterfaceOrientationLandscapeRight";
				IPHONEOS_DEPLOYMENT_TARGET = 15.0;
				LD_RUNPATH_SEARCH_PATHS = (
					"$(inherited)",
					"@executable_path/Frameworks",
				);
				MARKETING_VERSION = 1.0;
				PRODUCT_BUNDLE_IDENTIFIER = company.fellas.TEMPLATE;
				PRODUCT_NAME = TEMPLATE;
				SDKROOT = iphoneos;
				SWIFT_EMIT_LOC_STRINGS = YES;
				SWIFT_VERSION = 5.0;
				TARGETED_DEVICE_FAMILY = "1,2";
			};
			name = Debug;
		};
		228B4FAC27D54BF9008F4F21 /* Release */ = {
			isa = XCBuildConfiguration;
			buildSettings = {
				ASSETCATALOG_COMPILER_APPICON_NAME = AppIcon;
				ASSETCATALOG_COMPILER_GLOBAL_ACCENT_COLOR_NAME = AccentColor;
				CODE_SIGN_STYLE = Automatic;
				CURRENT_PROJECT_VERSION = 1;
				DEVELOPMENT_TEAM = D9KU92KK65;
				ENABLE_PREVIEWS = YES;
				ENABLE_TESTING_SEARCH_PATHS = NO;
				GENERATE_INFOPLIST_FILE = YES;
				INFOPLIST_FILE = "WeatherApp--iOS--Info.plist";
				INFOPLIST_KEY_UIApplicationSceneManifest_Generation = YES;
				INFOPLIST_KEY_UIApplicationSupportsIndirectInputEvents = YES;
				INFOPLIST_KEY_UILaunchScreen_Generation = YES;
				INFOPLIST_KEY_UISupportedInterfaceOrientations_iPad = "UIInterfaceOrientationPortrait UIInterfaceOrientationPortraitUpsideDown UIInterfaceOrientationLandscapeLeft UIInterfaceOrientationLandscapeRight";
				INFOPLIST_KEY_UISupportedInterfaceOrientations_iPhone = "UIInterfaceOrientationPortrait UIInterfaceOrientationLandscapeLeft UIInterfaceOrientationLandscapeRight";
				IPHONEOS_DEPLOYMENT_TARGET = 15.0;
				LD_RUNPATH_SEARCH_PATHS = (
					"$(inherited)",
					"@executable_path/Frameworks",
				);
				MARKETING_VERSION = 1.0;
				PRODUCT_BUNDLE_IDENTIFIER = company.fellas.TEMPLATE;
				PRODUCT_NAME = TEMPLATE;
				SDKROOT = iphoneos;
				SWIFT_EMIT_LOC_STRINGS = YES;
				SWIFT_VERSION = 5.0;
				TARGETED_DEVICE_FAMILY = "1,2";
				VALIDATE_PRODUCT = YES;
			};
			name = Release;
		};
		228B4FB127D54BF9008F4F21 /* Debug */ = {
			isa = XCBuildConfiguration;
			buildSettings = {
				ALWAYS_EMBED_SWIFT_STANDARD_LIBRARIES = YES;
				CODE_SIGN_STYLE = Automatic;
				CURRENT_PROJECT_VERSION = 1;
				DEVELOPMENT_TEAM = "";
				GENERATE_INFOPLIST_FILE = YES;
				IPHONEOS_DEPLOYMENT_TARGET = 15.2;
				MARKETING_VERSION = 1.0;
				PRODUCT_BUNDLE_IDENTIFIER = "company.fellas.Tests-iOS";
				PRODUCT_NAME = "$(TARGET_NAME)";
				SDKROOT = iphoneos;
				SWIFT_EMIT_LOC_STRINGS = NO;
				SWIFT_VERSION = 5.0;
				TARGETED_DEVICE_FAMILY = "1,2";
				TEST_TARGET_NAME = "WeatherApp (iOS)";
			};
			name = Debug;
		};
		228B4FB227D54BF9008F4F21 /* Release */ = {
			isa = XCBuildConfiguration;
			buildSettings = {
				ALWAYS_EMBED_SWIFT_STANDARD_LIBRARIES = YES;
				CODE_SIGN_STYLE = Automatic;
				CURRENT_PROJECT_VERSION = 1;
				DEVELOPMENT_TEAM = "";
				GENERATE_INFOPLIST_FILE = YES;
				IPHONEOS_DEPLOYMENT_TARGET = 15.2;
				MARKETING_VERSION = 1.0;
				PRODUCT_BUNDLE_IDENTIFIER = "company.fellas.Tests-iOS";
				PRODUCT_NAME = "$(TARGET_NAME)";
				SDKROOT = iphoneos;
				SWIFT_EMIT_LOC_STRINGS = NO;
				SWIFT_VERSION = 5.0;
				TARGETED_DEVICE_FAMILY = "1,2";
				TEST_TARGET_NAME = "WeatherApp (iOS)";
				VALIDATE_PRODUCT = YES;
			};
			name = Release;
		};
/* End XCBuildConfiguration section */

/* Begin XCConfigurationList section */
		228B4F7127D54BF7008F4F21 /* Build configuration list for PBXProject "WeatherApp" */ = {
			isa = XCConfigurationList;
			buildConfigurations = (
				228B4FA827D54BF9008F4F21 /* Debug */,
				228B4FA927D54BF9008F4F21 /* Release */,
			);
			defaultConfigurationIsVisible = 0;
			defaultConfigurationName = Release;
		};
		228B4FAA27D54BF9008F4F21 /* Build configuration list for PBXNativeTarget "WeatherApp (iOS)" */ = {
			isa = XCConfigurationList;
			buildConfigurations = (
				228B4FAB27D54BF9008F4F21 /* Debug */,
				228B4FAC27D54BF9008F4F21 /* Release */,
			);
			defaultConfigurationIsVisible = 0;
			defaultConfigurationName = Release;
		};
		228B4FB027D54BF9008F4F21 /* Build configuration list for PBXNativeTarget "Tests iOS" */ = {
			isa = XCConfigurationList;
			buildConfigurations = (
				228B4FB127D54BF9008F4F21 /* Debug */,
				228B4FB227D54BF9008F4F21 /* Release */,
			);
			defaultConfigurationIsVisible = 0;
			defaultConfigurationName = Release;
		};
/* End XCConfigurationList section */

/* Begin XCRemoteSwiftPackageReference section */
		19FDC04928A744C300571D3A /* XCRemoteSwiftPackageReference "Swinject" */ = {
			isa = XCRemoteSwiftPackageReference;
			repositoryURL = "https://github.com/Swinject/Swinject";
			requirement = {
				kind = upToNextMajorVersion;
				minimumVersion = 2.0.0;
			};
		};
		2471831228A966B000237379 /* XCRemoteSwiftPackageReference "swift-snapshot-testing" */ = {
			isa = XCRemoteSwiftPackageReference;
			repositoryURL = "https://github.com/pointfreeco/swift-snapshot-testing";
			requirement = {
				branch = main;
				kind = branch;
			};
		};
		24F87B9328A880050098382F /* XCRemoteSwiftPackageReference "swift-snapshot-testing" */ = {
			isa = XCRemoteSwiftPackageReference;
			repositoryURL = "https://github.com/pointfreeco/swift-snapshot-testing";
			requirement = {
				kind = upToNextMajorVersion;
				minimumVersion = 1.0.0;
			};
		};
/* End XCRemoteSwiftPackageReference section */

/* Begin XCSwiftPackageProductDependency section */
		19FDC04A28A744C300571D3A /* Swinject */ = {
			isa = XCSwiftPackageProductDependency;
			package = 19FDC04928A744C300571D3A /* XCRemoteSwiftPackageReference "Swinject" */;
			productName = Swinject;
		};
		2471831328A966B000237379 /* SnapshotTesting */ = {
			isa = XCSwiftPackageProductDependency;
			package = 2471831228A966B000237379 /* XCRemoteSwiftPackageReference "swift-snapshot-testing" */;
			productName = SnapshotTesting;
		};
		24F87B9728A884870098382F /* SnapshotTesting */ = {
			isa = XCSwiftPackageProductDependency;
			package = 24F87B9328A880050098382F /* XCRemoteSwiftPackageReference "swift-snapshot-testing" */;
			productName = SnapshotTesting;
		};
		24F87BFE28A893140098382F /* Swinject */ = {
			isa = XCSwiftPackageProductDependency;
			package = 19FDC04928A744C300571D3A /* XCRemoteSwiftPackageReference "Swinject" */;
			productName = Swinject;
		};
		24F87C0028A893570098382F /* Swinject */ = {
			isa = XCSwiftPackageProductDependency;
			package = 19FDC04928A744C300571D3A /* XCRemoteSwiftPackageReference "Swinject" */;
			productName = Swinject;
		};
/* End XCSwiftPackageProductDependency section */
	};
	rootObject = 228B4F6E27D54BF7008F4F21 /* Project object */;
}
